
Microsoft Visual Studio Solution File, Format Version 12.00
# Visual Studio 15
VisualStudioVersion = 15.0.28010.2026
MinimumVisualStudioVersion = 10.0.40219.1
Project("{FAE04EC0-301F-11D3-BF4B-00C04F79EFBC}") = "two_factor_ath_totp_google", "two_factor_ath_totp_google\two_factor_ath_totp_google.csproj", "{7EB78F15-8191-4B9E-BB60-747130D173CC}"
EndProject
Global
	GlobalSection(SolutionConfigurationPlatforms) = preSolution
		Debug|Any CPU = Debug|Any CPU
		Release|Any CPU = Release|Any CPU
	EndGlobalSection
	GlobalSection(ProjectConfigurationPlatforms) = postSolution
		{7EB78F15-8191-4B9E-BB60-747130D173CC}.Debug|Any CPU.ActiveCfg = Debug|Any CPU
		{7EB78F15-8191-4B9E-BB60-747130D173CC}.Debug|Any CPU.Build.0 = Debug|Any CPU
		{7EB78F15-8191-4B9E-BB60-747130D173CC}.Release|Any CPU.ActiveCfg = Release|Any CPU
		{7EB78F15-8191-4B9E-BB60-747130D173CC}.Release|Any CPU.Build.0 = Release|Any CPU
	EndGlobalSection
	GlobalSection(SolutionProperties) = preSolution
		HideSolutionNode = FALSE
	EndGlobalSection
	GlobalSection(ExtensibilityGlobals) = postSolution
		SolutionGuid = {8886AF6E-6DB6-4338-AB1C-5EADFCC30025}
	EndGlobalSection
EndGlobal
