
Microsoft Visual Studio Solution File, Format Version 12.00
# Visual Studio 15
VisualStudioVersion = 15.0.28010.2036
MinimumVisualStudioVersion = 10.0.40219.1
Project("{FAE04EC0-301F-11D3-BF4B-00C04F79EFBC}") = "Single_Sign_in", "Single_Sign_in\Single_Sign_in.csproj", "{9DE0A9DC-EDAC-4EFB-89B0-087A7230AF13}"
EndProject
Global
	GlobalSection(SolutionConfigurationPlatforms) = preSolution
		Debug|Any CPU = Debug|Any CPU
		Release|Any CPU = Release|Any CPU
	EndGlobalSection
	GlobalSection(ProjectConfigurationPlatforms) = postSolution
		{9DE0A9DC-EDAC-4EFB-89B0-087A7230AF13}.Debug|Any CPU.ActiveCfg = Debug|Any CPU
		{9DE0A9DC-EDAC-4EFB-89B0-087A7230AF13}.Debug|Any CPU.Build.0 = Debug|Any CPU
		{9DE0A9DC-EDAC-4EFB-89B0-087A7230AF13}.Release|Any CPU.ActiveCfg = Release|Any CPU
		{9DE0A9DC-EDAC-4EFB-89B0-087A7230AF13}.Release|Any CPU.Build.0 = Release|Any CPU
	EndGlobalSection
	GlobalSection(SolutionProperties) = preSolution
		HideSolutionNode = FALSE
	EndGlobalSection
	GlobalSection(ExtensibilityGlobals) = postSolution
		SolutionGuid = {4279BE73-C111-4A67-A65F-8EB28555C4B7}
	EndGlobalSection
EndGlobal
